
Microsoft Visual Studio Solution File, Format Version 12.00
# Visual Studio Version 17
VisualStudioVersion = 17.3.32819.101
MinimumVisualStudioVersion = 10.0.40219.1
Project("{9A19103F-16F7-4668-BE54-9A1E7A4F7556}") = "ADOExt", "ADOExt\ADOExt.csproj", "{59B6FDF0-DE69-480F-84FE-831B3E505369}"
EndProject
Project("{9A19103F-16F7-4668-BE54-9A1E7A4F7556}") = "ADOExt.SqlServer", "ADOExt.SqlServer\ADOExt.SqlServer.csproj", "{1DF999A6-B161-4620-901A-5D3A08DEC5DC}"
EndProject
Project("{FAE04EC0-301F-11D3-BF4B-00C04F79EFBC}") = "TestSql", "Test\TestSql.csproj", "{9EDD50AE-D208-4902-9187-82CF3825CD0F}"
EndProject
Project("{FAE04EC0-301F-11D3-BF4B-00C04F79EFBC}") = "TestOracle", "TestOracle\TestOracle.csproj", "{F9DB4180-44C8-4C5A-8321-0A6FDFFC233F}"
EndProject
Project("{FAE04EC0-301F-11D3-BF4B-00C04F79EFBC}") = "ADOExt.Oracle", "ADOExt.Oracle\ADOExt.Oracle.csproj", "{1A057E73-10BD-49DA-8D2F-F9694D73B941}"
EndProject
Project("{2150E333-8FDC-42A3-9474-1A3956D46DE8}") = "Solution Items", "Solution Items", "{B69D7AA1-547E-49B6-A789-A11B81B786E8}"
	ProjectSection(SolutionItems) = preProject
		.editorconfig = .editorconfig
	EndProjectSection
EndProject
Project("{FAE04EC0-301F-11D3-BF4B-00C04F79EFBC}") = "ADOExt.Oracle.Core", "ADOExt.Oracle.Core\ADOExt.Oracle.Core.csproj", "{D6DC1C43-607C-4C92-94E4-CD9B45329B20}"
EndProject
Project("{FAE04EC0-301F-11D3-BF4B-00C04F79EFBC}") = "TestOracle.Core", "TestOracle.Core\TestOracle.Core.csproj", "{6EBAA0A6-5A1F-464D-9809-6247A7A547C4}"
EndProject
Global
	GlobalSection(SolutionConfigurationPlatforms) = preSolution
		Debug|Any CPU = Debug|Any CPU
		Release|Any CPU = Release|Any CPU
	EndGlobalSection
	GlobalSection(ProjectConfigurationPlatforms) = postSolution
		{59B6FDF0-DE69-480F-84FE-831B3E505369}.Debug|Any CPU.ActiveCfg = Debug|Any CPU
		{59B6FDF0-DE69-480F-84FE-831B3E505369}.Debug|Any CPU.Build.0 = Debug|Any CPU
		{59B6FDF0-DE69-480F-84FE-831B3E505369}.Release|Any CPU.ActiveCfg = Release|Any CPU
		{59B6FDF0-DE69-480F-84FE-831B3E505369}.Release|Any CPU.Build.0 = Release|Any CPU
		{1DF999A6-B161-4620-901A-5D3A08DEC5DC}.Debug|Any CPU.ActiveCfg = Debug|Any CPU
		{1DF999A6-B161-4620-901A-5D3A08DEC5DC}.Debug|Any CPU.Build.0 = Debug|Any CPU
		{1DF999A6-B161-4620-901A-5D3A08DEC5DC}.Release|Any CPU.ActiveCfg = Release|Any CPU
		{1DF999A6-B161-4620-901A-5D3A08DEC5DC}.Release|Any CPU.Build.0 = Release|Any CPU
		{9EDD50AE-D208-4902-9187-82CF3825CD0F}.Debug|Any CPU.ActiveCfg = Debug|Any CPU
		{9EDD50AE-D208-4902-9187-82CF3825CD0F}.Debug|Any CPU.Build.0 = Debug|Any CPU
		{9EDD50AE-D208-4902-9187-82CF3825CD0F}.Release|Any CPU.ActiveCfg = Release|Any CPU
		{9EDD50AE-D208-4902-9187-82CF3825CD0F}.Release|Any CPU.Build.0 = Release|Any CPU
		{F9DB4180-44C8-4C5A-8321-0A6FDFFC233F}.Debug|Any CPU.ActiveCfg = Debug|Any CPU
		{F9DB4180-44C8-4C5A-8321-0A6FDFFC233F}.Debug|Any CPU.Build.0 = Debug|Any CPU
		{F9DB4180-44C8-4C5A-8321-0A6FDFFC233F}.Release|Any CPU.ActiveCfg = Release|Any CPU
		{F9DB4180-44C8-4C5A-8321-0A6FDFFC233F}.Release|Any CPU.Build.0 = Release|Any CPU
		{1A057E73-10BD-49DA-8D2F-F9694D73B941}.Debug|Any CPU.ActiveCfg = Debug|Any CPU
		{1A057E73-10BD-49DA-8D2F-F9694D73B941}.Debug|Any CPU.Build.0 = Debug|Any CPU
		{1A057E73-10BD-49DA-8D2F-F9694D73B941}.Release|Any CPU.ActiveCfg = Release|Any CPU
		{1A057E73-10BD-49DA-8D2F-F9694D73B941}.Release|Any CPU.Build.0 = Release|Any CPU
		{D6DC1C43-607C-4C92-94E4-CD9B45329B20}.Debug|Any CPU.ActiveCfg = Debug|Any CPU
		{D6DC1C43-607C-4C92-94E4-CD9B45329B20}.Debug|Any CPU.Build.0 = Debug|Any CPU
		{D6DC1C43-607C-4C92-94E4-CD9B45329B20}.Release|Any CPU.ActiveCfg = Release|Any CPU
		{D6DC1C43-607C-4C92-94E4-CD9B45329B20}.Release|Any CPU.Build.0 = Release|Any CPU
		{6EBAA0A6-5A1F-464D-9809-6247A7A547C4}.Debug|Any CPU.ActiveCfg = Debug|Any CPU
		{6EBAA0A6-5A1F-464D-9809-6247A7A547C4}.Debug|Any CPU.Build.0 = Debug|Any CPU
		{6EBAA0A6-5A1F-464D-9809-6247A7A547C4}.Release|Any CPU.ActiveCfg = Release|Any CPU
		{6EBAA0A6-5A1F-464D-9809-6247A7A547C4}.Release|Any CPU.Build.0 = Release|Any CPU
	EndGlobalSection
	GlobalSection(SolutionProperties) = preSolution
		HideSolutionNode = FALSE
	EndGlobalSection
	GlobalSection(ExtensibilityGlobals) = postSolution
		SolutionGuid = {4968D84B-4C19-4630-8DB7-DF88E0B8D83E}
	EndGlobalSection
EndGlobal
